
Microsoft Visual Studio Solution File, Format Version 12.00
# Visual Studio Version 17
VisualStudioVersion = 17.2.32630.192
MinimumVisualStudioVersion = 10.0.40219.1
Project("{FAE04EC0-301F-11D3-BF4B-00C04F79EFBC}") = "att", "att.csproj", "{CAA2B2A4-1F3F-4258-A5FC-C5D923C366C3}"
EndProject
Global
	GlobalSection(SolutionConfigurationPlatforms) = preSolution
		Debug|Any CPU = Debug|Any CPU
		Release|Any CPU = Release|Any CPU
	EndGlobalSection
	GlobalSection(ProjectConfigurationPlatforms) = postSolution
		{CAA2B2A4-1F3F-4258-A5FC-C5D923C366C3}.Debug|Any CPU.ActiveCfg = Debug|Any CPU
		{CAA2B2A4-1F3F-4258-A5FC-C5D923C366C3}.Debug|Any CPU.Build.0 = Debug|Any CPU
		{CAA2B2A4-1F3F-4258-A5FC-C5D923C366C3}.Release|Any CPU.ActiveCfg = Release|Any CPU
		{CAA2B2A4-1F3F-4258-A5FC-C5D923C366C3}.Release|Any CPU.Build.0 = Release|Any CPU
	EndGlobalSection
	GlobalSection(SolutionProperties) = preSolution
		HideSolutionNode = FALSE
	EndGlobalSection
	GlobalSection(ExtensibilityGlobals) = postSolution
		SolutionGuid = {C414BE21-8358-4989-B0B0-0E86D037E544}
	EndGlobalSection
EndGlobal
